
Microsoft Visual Studio Solution File, Format Version 12.00
# Visual Studio Version 16
VisualStudioVersion = 16.0.29409.12
MinimumVisualStudioVersion = 10.0.40219.1
Project("{FAE04EC0-301F-11D3-BF4B-00C04F79EFBC}") = "OutlayManagerWF", "OutlayManager_DesktopApp\OutlayManagerWF\OutlayManagerWF.csproj", "{A93575FD-1D2B-458D-B7D4-1B4BB1E3454A}"
EndProject
Global
	GlobalSection(SolutionConfigurationPlatforms) = preSolution
		Debug|Any CPU = Debug|Any CPU
		Release|Any CPU = Release|Any CPU
	EndGlobalSection
	GlobalSection(ProjectConfigurationPlatforms) = postSolution
		{A93575FD-1D2B-458D-B7D4-1B4BB1E3454A}.Debug|Any CPU.ActiveCfg = Debug|Any CPU
		{A93575FD-1D2B-458D-B7D4-1B4BB1E3454A}.Debug|Any CPU.Build.0 = Debug|Any CPU
		{A93575FD-1D2B-458D-B7D4-1B4BB1E3454A}.Release|Any CPU.ActiveCfg = Release|Any CPU
		{A93575FD-1D2B-458D-B7D4-1B4BB1E3454A}.Release|Any CPU.Build.0 = Release|Any CPU
	EndGlobalSection
	GlobalSection(SolutionProperties) = preSolution
		HideSolutionNode = FALSE
	EndGlobalSection
	GlobalSection(ExtensibilityGlobals) = postSolution
		SolutionGuid = {81E67F73-BE35-490E-AE44-2197EFBF0739}
	EndGlobalSection
EndGlobal
